
Microsoft Visual Studio Solution File, Format Version 12.00
# Visual Studio Version 17
VisualStudioVersion = 17.8.34330.188
MinimumVisualStudioVersion = 10.0.40219.1
Project("{9A19103F-16F7-4668-BE54-9A1E7A4F7556}") = "UpdatedChatApp", "UpdatedChatApp\UpdatedChatApp.csproj", "{5B6154FA-6A4F-46FC-B262-FF8C4DD6EBC9}"
EndProject
Project("{9A19103F-16F7-4668-BE54-9A1E7A4F7556}") = "UpdatedChatApp.Client", "UpdatedChatApp.Client\UpdatedChatApp.Client.csproj", "{07518A46-DC6E-4E62-90D3-7E302EE646AE}"
EndProject
Project("{2150E333-8FDC-42A3-9474-1A3956D46DE8}") = "Shared", "Shared", "{F75CFC66-F111-4DD1-93E2-77E744C251F8}"
EndProject
Project("{FAE04EC0-301F-11D3-BF4B-00C04F79EFBC}") = "UpdatedChatApp.model", "UpdatedChatApp.model\UpdatedChatApp.model.csproj", "{FD949A1F-D66A-496B-AE52-1042EC80471D}"
EndProject
Project("{FAE04EC0-301F-11D3-BF4B-00C04F79EFBC}") = "UpdatedChatApp.notify", "UpdatedChatApp.notify\UpdatedChatApp.notify.csproj", "{CCBF01F6-4924-486E-8895-AF5626083710}"
EndProject
Project("{FAE04EC0-301F-11D3-BF4B-00C04F79EFBC}") = "UpdatedChatApp.security", "UpdatedChatApp.security\UpdatedChatApp.security.csproj", "{6519F1D8-445D-4B72-8DC3-FD36B32D65EF}"
EndProject
Global
	GlobalSection(SolutionConfigurationPlatforms) = preSolution
		Debug|Any CPU = Debug|Any CPU
		Release|Any CPU = Release|Any CPU
	EndGlobalSection
	GlobalSection(ProjectConfigurationPlatforms) = postSolution
		{5B6154FA-6A4F-46FC-B262-FF8C4DD6EBC9}.Debug|Any CPU.ActiveCfg = Debug|Any CPU
		{5B6154FA-6A4F-46FC-B262-FF8C4DD6EBC9}.Debug|Any CPU.Build.0 = Debug|Any CPU
		{5B6154FA-6A4F-46FC-B262-FF8C4DD6EBC9}.Release|Any CPU.ActiveCfg = Release|Any CPU
		{5B6154FA-6A4F-46FC-B262-FF8C4DD6EBC9}.Release|Any CPU.Build.0 = Release|Any CPU
		{07518A46-DC6E-4E62-90D3-7E302EE646AE}.Debug|Any CPU.ActiveCfg = Debug|Any CPU
		{07518A46-DC6E-4E62-90D3-7E302EE646AE}.Debug|Any CPU.Build.0 = Debug|Any CPU
		{07518A46-DC6E-4E62-90D3-7E302EE646AE}.Release|Any CPU.ActiveCfg = Release|Any CPU
		{07518A46-DC6E-4E62-90D3-7E302EE646AE}.Release|Any CPU.Build.0 = Release|Any CPU
		{FD949A1F-D66A-496B-AE52-1042EC80471D}.Debug|Any CPU.ActiveCfg = Debug|Any CPU
		{FD949A1F-D66A-496B-AE52-1042EC80471D}.Debug|Any CPU.Build.0 = Debug|Any CPU
		{FD949A1F-D66A-496B-AE52-1042EC80471D}.Release|Any CPU.ActiveCfg = Release|Any CPU
		{FD949A1F-D66A-496B-AE52-1042EC80471D}.Release|Any CPU.Build.0 = Release|Any CPU
		{CCBF01F6-4924-486E-8895-AF5626083710}.Debug|Any CPU.ActiveCfg = Debug|Any CPU
		{CCBF01F6-4924-486E-8895-AF5626083710}.Debug|Any CPU.Build.0 = Debug|Any CPU
		{CCBF01F6-4924-486E-8895-AF5626083710}.Release|Any CPU.ActiveCfg = Release|Any CPU
		{CCBF01F6-4924-486E-8895-AF5626083710}.Release|Any CPU.Build.0 = Release|Any CPU
		{6519F1D8-445D-4B72-8DC3-FD36B32D65EF}.Debug|Any CPU.ActiveCfg = Debug|Any CPU
		{6519F1D8-445D-4B72-8DC3-FD36B32D65EF}.Debug|Any CPU.Build.0 = Debug|Any CPU
		{6519F1D8-445D-4B72-8DC3-FD36B32D65EF}.Release|Any CPU.ActiveCfg = Release|Any CPU
		{6519F1D8-445D-4B72-8DC3-FD36B32D65EF}.Release|Any CPU.Build.0 = Release|Any CPU
	EndGlobalSection
	GlobalSection(SolutionProperties) = preSolution
		HideSolutionNode = FALSE
	EndGlobalSection
	GlobalSection(NestedProjects) = preSolution
		{FD949A1F-D66A-496B-AE52-1042EC80471D} = {F75CFC66-F111-4DD1-93E2-77E744C251F8}
		{CCBF01F6-4924-486E-8895-AF5626083710} = {F75CFC66-F111-4DD1-93E2-77E744C251F8}
		{6519F1D8-445D-4B72-8DC3-FD36B32D65EF} = {F75CFC66-F111-4DD1-93E2-77E744C251F8}
	EndGlobalSection
	GlobalSection(ExtensibilityGlobals) = postSolution
		SolutionGuid = {CD365486-47E5-4180-8BE5-B59EA9D816CE}
	EndGlobalSection
EndGlobal
